// !$*UTF8*$!
{
	archiveVersion = 1;
	classes = {
	};
	objectVersion = 51;
	objects = {

/* Begin PBXBuildFile section */
		3C10D9BA246AAE5500F3D200 /* Node.swift in Sources */ = {isa = PBXBuildFile; fileRef = 3C10D9B9246AAE5500F3D200 /* Node.swift */; };
		3C10D9BC246AAE7500F3D200 /* CharacterCode.swift in Sources */ = {isa = PBXBuildFile; fileRef = 3C10D9BB246AAE7500F3D200 /* CharacterCode.swift */; };
		3C10D9BE246AB24500F3D200 /* Huffman.swift in Sources */ = {isa = PBXBuildFile; fileRef = 3C10D9BD246AB24500F3D200 /* Huffman.swift */; };
		3C58DB3D2449ADDD00D6F3EF /* AppDelegate.swift in Sources */ = {isa = PBXBuildFile; fileRef = 3C58DB3C2449ADDD00D6F3EF /* AppDelegate.swift */; };
		3C58DB3F2449ADDD00D6F3EF /* SceneDelegate.swift in Sources */ = {isa = PBXBuildFile; fileRef = 3C58DB3E2449ADDD00D6F3EF /* SceneDelegate.swift */; };
		3C58DB412449ADDD00D6F3EF /* ViewController.swift in Sources */ = {isa = PBXBuildFile; fileRef = 3C58DB402449ADDD00D6F3EF /* ViewController.swift */; };
		3C58DB442449ADDD00D6F3EF /* Main.storyboard in Resources */ = {isa = PBXBuildFile; fileRef = 3C58DB422449ADDD00D6F3EF /* Main.storyboard */; };
		3C58DB462449ADE000D6F3EF /* Assets.xcassets in Resources */ = {isa = PBXBuildFile; fileRef = 3C58DB452449ADE000D6F3EF /* Assets.xcassets */; };
		3C58DB492449ADE000D6F3EF /* LaunchScreen.storyboard in Resources */ = {isa = PBXBuildFile; fileRef = 3C58DB472449ADE000D6F3EF /* LaunchScreen.storyboard */; };
		3CEF9254246C89AA000ACE83 /* CharacterTableViewCell.xib in Resources */ = {isa = PBXBuildFile; fileRef = 3CEF9252246C89AA000ACE83 /* CharacterTableViewCell.xib */; };
		3CEF9255246C89AA000ACE83 /* CharacterTableViewCell.swift in Sources */ = {isa = PBXBuildFile; fileRef = 3CEF9253246C89AA000ACE83 /* CharacterTableViewCell.swift */; };
		93E9B35FB90CC04B01C291A4 /* Pods_Huffman_Coding.framework in Frameworks */ = {isa = PBXBuildFile; fileRef = 32A13B4709836D35D0D8BA52 /* Pods_Huffman_Coding.framework */; };
/* End PBXBuildFile section */

/* Begin PBXFileReference section */
		0B5F0B273B302735AE9BD5E3 /* Pods-Huffman Coding.debug.xcconfig */ = {isa = PBXFileReference; includeInIndex = 1; lastKnownFileType = text.xcconfig; name = "Pods-Huffman Coding.debug.xcconfig"; path = "Target Support Files/Pods-Huffman Coding/Pods-Huffman Coding.debug.xcconfig"; sourceTree = "<group>"; };
		32A13B4709836D35D0D8BA52 /* Pods_Huffman_Coding.framework */ = {isa = PBXFileReference; explicitFileType = wrapper.framework; includeInIndex = 0; path = Pods_Huffman_Coding.framework; sourceTree = BUILT_PRODUCTS_DIR; };
		3C10D9B9246AAE5500F3D200 /* Node.swift */ = {isa = PBXFileReference; lastKnownFileType = sourcecode.swift; path = Node.swift; sourceTree = "<group>"; };
		3C10D9BB246AAE7500F3D200 /* CharacterCode.swift */ = {isa = PBXFileReference; lastKnownFileType = sourcecode.swift; path = CharacterCode.swift; sourceTree = "<group>"; };
		3C10D9BD246AB24500F3D200 /* Huffman.swift */ = {isa = PBXFileReference; lastKnownFileType = sourcecode.swift; path = Huffman.swift; sourceTree = "<group>"; };
		3C58DB392449ADDD00D6F3EF /* Huffman Coding.app */ = {isa = PBXFileReference; explicitFileType = wrapper.application; includeInIndex = 0; path = "Huffman Coding.app"; sourceTree = BUILT_PRODUCTS_DIR; };
		3C58DB3C2449ADDD00D6F3EF /* AppDelegate.swift */ = {isa = PBXFileReference; lastKnownFileType = sourcecode.swift; path = AppDelegate.swift; sourceTree = "<group>"; };
		3C58DB3E2449ADDD00D6F3EF /* SceneDelegate.swift */ = {isa = PBXFileReference; lastKnownFileType = sourcecode.swift; path = SceneDelegate.swift; sourceTree = "<group>"; };
		3C58DB402449ADDD00D6F3EF /* ViewController.swift */ = {isa = PBXFileReference; lastKnownFileType = sourcecode.swift; path = ViewController.swift; sourceTree = "<group>"; };
		3C58DB432449ADDD00D6F3EF /* Base */ = {isa = PBXFileReference; lastKnownFileType = file.storyboard; name = Base; path = Base.lproj/Main.storyboard; sourceTree = "<group>"; };
		3C58DB452449ADE000D6F3EF /* Assets.xcassets */ = {isa = PBXFileReference; lastKnownFileType = folder.assetcatalog; path = Assets.xcassets; sourceTree = "<group>"; };
		3C58DB482449ADE000D6F3EF /* Base */ = {isa = PBXFileReference; lastKnownFileType = file.storyboard; name = Base; path = Base.lproj/LaunchScreen.storyboard; sourceTree = "<group>"; };
		3C58DB4A2449ADE000D6F3EF /* Info.plist */ = {isa = PBXFileReference; lastKnownFileType = text.plist.xml; path = Info.plist; sourceTree = "<group>"; };
		3CEF9252246C89AA000ACE83 /* CharacterTableViewCell.xib */ = {isa = PBXFileReference; fileEncoding = 4; lastKnownFileType = file.xib; path = CharacterTableViewCell.xib; sourceTree = "<group>"; };
		3CEF9253246C89AA000ACE83 /* CharacterTableViewCell.swift */ = {isa = PBXFileReference; fileEncoding = 4; lastKnownFileType = sourcecode.swift; path = CharacterTableViewCell.swift; sourceTree = "<group>"; };
		61D6279436E567A55737186A /* Pods-Huffman Coding.release.xcconfig */ = {isa = PBXFileReference; includeInIndex = 1; lastKnownFileType = text.xcconfig; name = "Pods-Huffman Coding.release.xcconfig"; path = "Target Support Files/Pods-Huffman Coding/Pods-Huffman Coding.release.xcconfig"; sourceTree = "<group>"; };
/* End PBXFileReference section */

/* Begin PBXFrameworksBuildPhase section */
		3C58DB362449ADDD00D6F3EF /* Frameworks */ = {
			isa = PBXFrameworksBuildPhase;
			buildActionMask = 2147483647;
			files = (
				93E9B35FB90CC04B01C291A4 /* Pods_Huffman_Coding.framework in Frameworks */,
			);
			runOnlyForDeploymentPostprocessing = 0;
		};
/* End PBXFrameworksBuildPhase section */

/* Begin PBXGroup section */
		20BE826FEF67816548197B7C /* Frameworks */ = {
			isa = PBXGroup;
			children = (
				32A13B4709836D35D0D8BA52 /* Pods_Huffman_Coding.framework */,
			);
			name = Frameworks;
			sourceTree = "<group>";
		};
		3C58DB302449ADDD00D6F3EF = {
			isa = PBXGroup;
			children = (
				3C58DB3B2449ADDD00D6F3EF /* Huffman Coding */,
				3C58DB3A2449ADDD00D6F3EF /* Products */,
				B65EF77D057F2F8B8E55A490 /* Pods */,
				20BE826FEF67816548197B7C /* Frameworks */,
			);
			sourceTree = "<group>";
		};
		3C58DB3A2449ADDD00D6F3EF /* Products */ = {
			isa = PBXGroup;
			children = (
				3C58DB392449ADDD00D6F3EF /* Huffman Coding.app */,
			);
			name = Products;
			sourceTree = "<group>";
		};
		3C58DB3B2449ADDD00D6F3EF /* Huffman Coding */ = {
			isa = PBXGroup;
			children = (
				3CEF9253246C89AA000ACE83 /* CharacterTableViewCell.swift */,
				3CEF9252246C89AA000ACE83 /* CharacterTableViewCell.xib */,
				3C58DB3C2449ADDD00D6F3EF /* AppDelegate.swift */,
				3C58DB3E2449ADDD00D6F3EF /* SceneDelegate.swift */,
				3C58DB402449ADDD00D6F3EF /* ViewController.swift */,
				3C58DB422449ADDD00D6F3EF /* Main.storyboard */,
				3C10D9BD246AB24500F3D200 /* Huffman.swift */,
				3C58DB452449ADE000D6F3EF /* Assets.xcassets */,
				3C58DB472449ADE000D6F3EF /* LaunchScreen.storyboard */,
				3C58DB4A2449ADE000D6F3EF /* Info.plist */,
				3C10D9B9246AAE5500F3D200 /* Node.swift */,
				3C10D9BB246AAE7500F3D200 /* CharacterCode.swift */,
			);
			path = "Huffman Coding";
			sourceTree = "<group>";
		};
		B65EF77D057F2F8B8E55A490 /* Pods */ = {
			isa = PBXGroup;
			children = (
				0B5F0B273B302735AE9BD5E3 /* Pods-Huffman Coding.debug.xcconfig */,
				61D6279436E567A55737186A /* Pods-Huffman Coding.release.xcconfig */,
			);
			path = Pods;
			sourceTree = "<group>";
		};
/* End PBXGroup section */

/* Begin PBXNativeTarget section */
		3C58DB382449ADDD00D6F3EF /* Huffman Coding */ = {
			isa = PBXNativeTarget;
			buildConfigurationList = 3C58DB4D2449ADE000D6F3EF /* Build configuration list for PBXNativeTarget "Huffman Coding" */;
			buildPhases = (
				B17965B8725AE6057A1C5E5E /* [CP] Check Pods Manifest.lock */,
				3C58DB352449ADDD00D6F3EF /* Sources */,
				3C58DB362449ADDD00D6F3EF /* Frameworks */,
				3C58DB372449ADDD00D6F3EF /* Resources */,
				4997E12200F042ABFAE07A4E /* [CP] Embed Pods Frameworks */,
			);
			buildRules = (
			);
			dependencies = (
			);
			name = "Huffman Coding";
			productName = "Huffman Coding";
			productReference = 3C58DB392449ADDD00D6F3EF /* Huffman Coding.app */;
			productType = "com.apple.product-type.application";
		};
/* End PBXNativeTarget section */

/* Begin PBXProject section */
		3C58DB312449ADDD00D6F3EF /* Project object */ = {
			isa = PBXProject;
			attributes = {
				LastSwiftUpdateCheck = 1140;
				LastUpgradeCheck = 1140;
				ORGANIZATIONNAME = "Manuel Ples";
				TargetAttributes = {
					3C58DB382449ADDD00D6F3EF = {
						CreatedOnToolsVersion = 11.4;
					};
				};
			};
			buildConfigurationList = 3C58DB342449ADDD00D6F3EF /* Build configuration list for PBXProject "Huffman Coding" */;
			compatibilityVersion = "Xcode 9.3";
			developmentRegion = en;
			hasScannedForEncodings = 0;
			knownRegions = (
				en,
				Base,
			);
			mainGroup = 3C58DB302449ADDD00D6F3EF;
			productRefGroup = 3C58DB3A2449ADDD00D6F3EF /* Products */;
			projectDirPath = "";
			projectRoot = "";
			targets = (
				3C58DB382449ADDD00D6F3EF /* Huffman Coding */,
			);
		};
/* End PBXProject section */

/* Begin PBXResourcesBuildPhase section */
		3C58DB372449ADDD00D6F3EF /* Resources */ = {
			isa = PBXResourcesBuildPhase;
			buildActionMask = 2147483647;
			files = (
				3C58DB492449ADE000D6F3EF /* LaunchScreen.storyboard in Resources */,
				3C58DB462449ADE000D6F3EF /* Assets.xcassets in Resources */,
				3C58DB442449ADDD00D6F3EF /* Main.storyboard in Resources */,
				3CEF9254246C89AA000ACE83 /* CharacterTableViewCell.xib in Resources */,
			);
			runOnlyForDeploymentPostprocessing = 0;
		};
/* End PBXResourcesBuildPhase section */

/* Begin PBXShellScriptBuildPhase section */
		4997E12200F042ABFAE07A4E /* [CP] Embed Pods Frameworks */ = {
			isa = PBXShellScriptBuildPhase;
			buildActionMask = 2147483647;
			files = (
			);
			inputFileListPaths = (
				"${PODS_ROOT}/Target Support Files/Pods-Huffman Coding/Pods-Huffman Coding-frameworks-${CONFIGURATION}-input-files.xcfilelist",
			);
			name = "[CP] Embed Pods Frameworks";
			outputFileListPaths = (
				"${PODS_ROOT}/Target Support Files/Pods-Huffman Coding/Pods-Huffman Coding-frameworks-${CONFIGURATION}-output-files.xcfilelist",
			);
			runOnlyForDeploymentPostprocessing = 0;
			shellPath = /bin/sh;
			shellScript = "\"${PODS_ROOT}/Target Support Files/Pods-Huffman Coding/Pods-Huffman Coding-frameworks.sh\"\n";
			showEnvVarsInLog = 0;
		};
		B17965B8725AE6057A1C5E5E /* [CP] Check Pods Manifest.lock */ = {
			isa = PBXShellScriptBuildPhase;
			buildActionMask = 2147483647;
			files = (
			);
			inputFileListPaths = (
			);
			inputPaths = (
				"${PODS_PODFILE_DIR_PATH}/Podfile.lock",
				"${PODS_ROOT}/Manifest.lock",
			);
			name = "[CP] Check Pods Manifest.lock";
			outputFileListPaths = (
			);
			outputPaths = (
				"$(DERIVED_FILE_DIR)/Pods-Huffman Coding-checkManifestLockResult.txt",
			);
			runOnlyForDeploymentPostprocessing = 0;
			shellPath = /bin/sh;
			shellScript = "diff \"${PODS_PODFILE_DIR_PATH}/Podfile.lock\" \"${PODS_ROOT}/Manifest.lock\" > /dev/null\nif [ $? != 0 ] ; then\n    # print error to STDERR\n    echo \"error: The sandbox is not in sync with the Podfile.lock. Run 'pod install' or update your CocoaPods installation.\" >&2\n    exit 1\nfi\n# This output is used by Xcode 'outputs' to avoid re-running this script phase.\necho \"SUCCESS\" > \"${SCRIPT_OUTPUT_FILE_0}\"\n";
			showEnvVarsInLog = 0;
		};
/* End PBXShellScriptBuildPhase section */

/* Begin PBXSourcesBuildPhase section */
		3C58DB352449ADDD00D6F3EF /* Sources */ = {
			isa = PBXSourcesBuildPhase;
			buildActionMask = 2147483647;
			files = (
				3C58DB412449ADDD00D6F3EF /* ViewController.swift in Sources */,
				3C58DB3D2449ADDD00D6F3EF /* AppDelegate.swift in Sources */,
				3C58DB3F2449ADDD00D6F3EF /* SceneDelegate.swift in Sources */,
				3C10D9BE246AB24500F3D200 /* Huffman.swift in Sources */,
				3C10D9BA246AAE5500F3D200 /* Node.swift in Sources */,
				3C10D9BC246AAE7500F3D200 /* CharacterCode.swift in Sources */,
				3CEF9255246C89AA000ACE83 /* CharacterTableViewCell.swift in Sources */,
			);
			runOnlyForDeploymentPostprocessing = 0;
		};
/* End PBXSourcesBuildPhase section */

/* Begin PBXVariantGroup section */
		3C58DB422449ADDD00D6F3EF /* Main.storyboard */ = {
			isa = PBXVariantGroup;
			children = (
				3C58DB432449ADDD00D6F3EF /* Base */,
			);
			name = Main.storyboard;
			sourceTree = "<group>";
		};
		3C58DB472449ADE000D6F3EF /* LaunchScreen.storyboard */ = {
			isa = PBXVariantGroup;
			children = (
				3C58DB482449ADE000D6F3EF /* Base */,
			);
			name = LaunchScreen.storyboard;
			sourceTree = "<group>";
		};
/* End PBXVariantGroup section */

/* Begin XCBuildConfiguration section */
		3C58DB4B2449ADE000D6F3EF /* Debug */ = {
			isa = XCBuildConfiguration;
			buildSettings = {
				ALWAYS_SEARCH_USER_PATHS = NO;
				CLANG_ANALYZER_NONNULL = YES;
				CLANG_ANALYZER_NUMBER_OBJECT_CONVERSION = YES_AGGRESSIVE;
				CLANG_CXX_LANGUAGE_STANDARD = "gnu++14";
				CLANG_CXX_LIBRARY = "libc++";
				CLANG_ENABLE_MODULES = YES;
				CLANG_ENABLE_OBJC_ARC = YES;
				CLANG_ENABLE_OBJC_WEAK = YES;
				CLANG_WARN_BLOCK_CAPTURE_AUTORELEASING = YES;
				CLANG_WARN_BOOL_CONVERSION = YES;
				CLANG_WARN_COMMA = YES;
				CLANG_WARN_CONSTANT_CONVERSION = YES;
				CLANG_WARN_DEPRECATED_OBJC_IMPLEMENTATIONS = YES;
				CLANG_WARN_DIRECT_OBJC_ISA_USAGE = YES_ERROR;
				CLANG_WARN_DOCUMENTATION_COMMENTS = YES;
				CLANG_WARN_EMPTY_BODY = YES;
				CLANG_WARN_ENUM_CONVERSION = YES;
				CLANG_WARN_INFINITE_RECURSION = YES;
				CLANG_WARN_INT_CONVERSION = YES;
				CLANG_WARN_NON_LITERAL_NULL_CONVERSION = YES;
				CLANG_WARN_OBJC_IMPLICIT_RETAIN_SELF = YES;
				CLANG_WARN_OBJC_LITERAL_CONVERSION = YES;
				CLANG_WARN_OBJC_ROOT_CLASS = YES_ERROR;
				CLANG_WARN_RANGE_LOOP_ANALYSIS = YES;
				CLANG_WARN_STRICT_PROTOTYPES = YES;
				CLANG_WARN_SUSPICIOUS_MOVE = YES;
				CLANG_WARN_UNGUARDED_AVAILABILITY = YES_AGGRESSIVE;
				CLANG_WARN_UNREACHABLE_CODE = YES;
				CLANG_WARN__DUPLICATE_METHOD_MATCH = YES;
				COPY_PHASE_STRIP = NO;
				DEBUG_INFORMATION_FORMAT = dwarf;
				ENABLE_STRICT_OBJC_MSGSEND = YES;
				ENABLE_TESTABILITY = YES;
				GCC_C_LANGUAGE_STANDARD = gnu11;
				GCC_DYNAMIC_NO_PIC = NO;
				GCC_NO_COMMON_BLOCKS = YES;
				GCC_OPTIMIZATION_LEVEL = 0;
				GCC_PREPROCESSOR_DEFINITIONS = (
					"DEBUG=1",
					"$(inherited)",
				);
				GCC_WARN_64_TO_32_BIT_CONVERSION = YES;
				GCC_WARN_ABOUT_RETURN_TYPE = YES_ERROR;
				GCC_WARN_UNDECLARED_SELECTOR = YES;
				GCC_WARN_UNINITIALIZED_AUTOS = YES_AGGRESSIVE;
				GCC_WARN_UNUSED_FUNCTION = YES;
				GCC_WARN_UNUSED_VARIABLE = YES;
				IPHONEOS_DEPLOYMENT_TARGET = 13.4;
				MTL_ENABLE_DEBUG_INFO = INCLUDE_SOURCE;
				MTL_FAST_MATH = YES;
				ONLY_ACTIVE_ARCH = YES;
				SDKROOT = iphoneos;
				SWIFT_ACTIVE_COMPILATION_CONDITIONS = DEBUG;
				SWIFT_OPTIMIZATION_LEVEL = "-Onone";
			};
			name = Debug;
		};
		3C58DB4C2449ADE000D6F3EF /* Release */ = {
			isa = XCBuildConfiguration;
			buildSettings = {
				ALWAYS_SEARCH_USER_PATHS = NO;
				CLANG_ANALYZER_NONNULL = YES;
				CLANG_ANALYZER_NUMBER_OBJECT_CONVERSION = YES_AGGRESSIVE;
				CLANG_CXX_LANGUAGE_STANDARD = "gnu++14";
				CLANG_CXX_LIBRARY = "libc++";
				CLANG_ENABLE_MODULES = YES;
				CLANG_ENABLE_OBJC_ARC = YES;
				CLANG_ENABLE_OBJC_WEAK = YES;
				CLANG_WARN_BLOCK_CAPTURE_AUTORELEASING = YES;
				CLANG_WARN_BOOL_CONVERSION = YES;
				CLANG_WARN_COMMA = YES;
				CLANG_WARN_CONSTANT_CONVERSION = YES;
				CLANG_WARN_DEPRECATED_OBJC_IMPLEMENTATIONS = YES;
				CLANG_WARN_DIRECT_OBJC_ISA_USAGE = YES_ERROR;
				CLANG_WARN_DOCUMENTATION_COMMENTS = YES;
				CLANG_WARN_EMPTY_BODY = YES;
				CLANG_WARN_ENUM_CONVERSION = YES;
				CLANG_WARN_INFINITE_RECURSION = YES;
				CLANG_WARN_INT_CONVERSION = YES;
				CLANG_WARN_NON_LITERAL_NULL_CONVERSION = YES;
				CLANG_WARN_OBJC_IMPLICIT_RETAIN_SELF = YES;
				CLANG_WARN_OBJC_LITERAL_CONVERSION = YES;
				CLANG_WARN_OBJC_ROOT_CLASS = YES_ERROR;
				CLANG_WARN_RANGE_LOOP_ANALYSIS = YES;
				CLANG_WARN_STRICT_PROTOTYPES = YES;
				CLANG_WARN_SUSPICIOUS_MOVE = YES;
				CLANG_WARN_UNGUARDED_AVAILABILITY = YES_AGGRESSIVE;
				CLANG_WARN_UNREACHABLE_CODE = YES;
				CLANG_WARN__DUPLICATE_METHOD_MATCH = YES;
				COPY_PHASE_STRIP = NO;
				DEBUG_INFORMATION_FORMAT = "dwarf-with-dsym";
				ENABLE_NS_ASSERTIONS = NO;
				ENABLE_STRICT_OBJC_MSGSEND = YES;
				GCC_C_LANGUAGE_STANDARD = gnu11;
				GCC_NO_COMMON_BLOCKS = YES;
				GCC_WARN_64_TO_32_BIT_CONVERSION = YES;
				GCC_WARN_ABOUT_RETURN_TYPE = YES_ERROR;
				GCC_WARN_UNDECLARED_SELECTOR = YES;
				GCC_WARN_UNINITIALIZED_AUTOS = YES_AGGRESSIVE;
				GCC_WARN_UNUSED_FUNCTION = YES;
				GCC_WARN_UNUSED_VARIABLE = YES;
				IPHONEOS_DEPLOYMENT_TARGET = 13.4;
				MTL_ENABLE_DEBUG_INFO = NO;
				MTL_FAST_MATH = YES;
				SDKROOT = iphoneos;
				SWIFT_COMPILATION_MODE = wholemodule;
				SWIFT_OPTIMIZATION_LEVEL = "-O";
				VALIDATE_PRODUCT = YES;
			};
			name = Release;
		};
		3C58DB4E2449ADE000D6F3EF /* Debug */ = {
			isa = XCBuildConfiguration;
			baseConfigurationReference = 0B5F0B273B302735AE9BD5E3 /* Pods-Huffman Coding.debug.xcconfig */;
			buildSettings = {
				ASSETCATALOG_COMPILER_APPICON_NAME = AppIcon;
				CODE_SIGN_STYLE = Automatic;
				DEVELOPMENT_TEAM = KMKT7Q5UX7;
				INFOPLIST_FILE = "Huffman Coding/Info.plist";
				LD_RUNPATH_SEARCH_PATHS = (
					"$(inherited)",
					"@executable_path/Frameworks",
				);
				PRODUCT_BUNDLE_IDENTIFIER = "com.ManuelPles.Huffman-Coding";
				PRODUCT_NAME = "$(TARGET_NAME)";
				SWIFT_VERSION = 5.0;
				TARGETED_DEVICE_FAMILY = "1,2";
			};
			name = Debug;
		};
		3C58DB4F2449ADE000D6F3EF /* Release */ = {
			isa = XCBuildConfiguration;
			baseConfigurationReference = 61D6279436E567A55737186A /* Pods-Huffman Coding.release.xcconfig */;
			buildSettings = {
				ASSETCATALOG_COMPILER_APPICON_NAME = AppIcon;
				CODE_SIGN_STYLE = Automatic;
				DEVELOPMENT_TEAM = KMKT7Q5UX7;
				INFOPLIST_FILE = "Huffman Coding/Info.plist";
				LD_RUNPATH_SEARCH_PATHS = (
					"$(inherited)",
					"@executable_path/Frameworks",
				);
				PRODUCT_BUNDLE_IDENTIFIER = "com.ManuelPles.Huffman-Coding";
				PRODUCT_NAME = "$(TARGET_NAME)";
				SWIFT_VERSION = 5.0;
				TARGETED_DEVICE_FAMILY = "1,2";
			};
			name = Release;
		};
/* End XCBuildConfiguration section */

/* Begin XCConfigurationList section */
		3C58DB342449ADDD00D6F3EF /* Build configuration list for PBXProject "Huffman Coding" */ = {
			isa = XCConfigurationList;
			buildConfigurations = (
				3C58DB4B2449ADE000D6F3EF /* Debug */,
				3C58DB4C2449ADE000D6F3EF /* Release */,
			);
			defaultConfigurationIsVisible = 0;
			defaultConfigurationName = Release;
		};
		3C58DB4D2449ADE000D6F3EF /* Build configuration list for PBXNativeTarget "Huffman Coding" */ = {
			isa = XCConfigurationList;
			buildConfigurations = (
				3C58DB4E2449ADE000D6F3EF /* Debug */,
				3C58DB4F2449ADE000D6F3EF /* Release */,
			);
			defaultConfigurationIsVisible = 0;
			defaultConfigurationName = Release;
		};
/* End XCConfigurationList section */
	};
	rootObject = 3C58DB312449ADDD00D6F3EF /* Project object */;
}
